
Microsoft Visual Studio Solution File, Format Version 12.00
# Visual Studio Version 17
VisualStudioVersion = 17.6.33829.357
MinimumVisualStudioVersion = 10.0.40219.1
Project("{FAE04EC0-301F-11D3-BF4B-00C04F79EFBC}") = "PracticeApp", "PracticeApp\PracticeApp.csproj", "{CE08217C-DADB-4384-9B78-DF0D701CD9E1}"
EndProject
Global
	GlobalSection(SolutionConfigurationPlatforms) = preSolution
		Debug|Any CPU = Debug|Any CPU
		Release|Any CPU = Release|Any CPU
	EndGlobalSection
	GlobalSection(ProjectConfigurationPlatforms) = postSolution
		{CE08217C-DADB-4384-9B78-DF0D701CD9E1}.Debug|Any CPU.ActiveCfg = Debug|Any CPU
		{CE08217C-DADB-4384-9B78-DF0D701CD9E1}.Debug|Any CPU.Build.0 = Debug|Any CPU
		{CE08217C-DADB-4384-9B78-DF0D701CD9E1}.Release|Any CPU.ActiveCfg = Release|Any CPU
		{CE08217C-DADB-4384-9B78-DF0D701CD9E1}.Release|Any CPU.Build.0 = Release|Any CPU
	EndGlobalSection
	GlobalSection(SolutionProperties) = preSolution
		HideSolutionNode = FALSE
	EndGlobalSection
	GlobalSection(ExtensibilityGlobals) = postSolution
		SolutionGuid = {19EF591E-D530-406E-8225-9CA1C4CA3681}
	EndGlobalSection
EndGlobal
